
Microsoft Visual Studio Solution File, Format Version 12.00
# Visual Studio 2013
VisualStudioVersion = 12.0.30110.0
MinimumVisualStudioVersion = 10.0.40219.1
Project("{F184B08F-C81C-45F6-A57F-5ABD9991F28F}") = "Freelancer Lookup Tool", "Mayflower\Freelancer Lookup Tool.vbproj", "{5539DF28-529E-4927-BB77-8740B9E016C4}"
EndProject
Project("{F184B08F-C81C-45F6-A57F-5ABD9991F28F}") = "Financial Reports", "Financial Reports\Financial Reports.vbproj", "{A0E870AB-5DCD-4153-9EC1-88ED118DA02F}"
EndProject
Project("{6141683F-8A12-4E36-9623-2EB02B2C2303}") = "Financial Reports-Setup", "Financial Reports-Setup\Financial Reports-Setup.isproj", "{7618334F-FFFE-477C-B997-49C61443A975}"
	ProjectSection(ProjectDependencies) = postProject
		{A0E870AB-5DCD-4153-9EC1-88ED118DA02F} = {A0E870AB-5DCD-4153-9EC1-88ED118DA02F}
	EndProjectSection
EndProject
Project("{6141683F-8A12-4E36-9623-2EB02B2C2303}") = "Freelancers lookup Tool-Setup", "Freelancers lookup Tool-Setup\Freelancers lookup Tool-Setup.isproj", "{2BC530CE-D2C0-4E81-B849-A9F07BCC22EE}"
	ProjectSection(ProjectDependencies) = postProject
		{5539DF28-529E-4927-BB77-8740B9E016C4} = {5539DF28-529E-4927-BB77-8740B9E016C4}
	EndProjectSection
EndProject
Project("{F184B08F-C81C-45F6-A57F-5ABD9991F28F}") = "Google Translate", "Google Translate\Google Translate.vbproj", "{DCDC77EE-2A5E-4A66-A177-06CE15495BF0}"
EndProject
Project("{F184B08F-C81C-45F6-A57F-5ABD9991F28F}") = "SDL BeGlobal Lookup", "SDL BeGlobal Lookup\SDL BeGlobal Lookup.vbproj", "{29CCBEBD-C922-47E0-B8BA-092896C01199}"
EndProject
Project("{6141683F-8A12-4E36-9623-2EB02B2C2303}") = "Google Translate-Setup", "Google Translate-Setup\Google Translate-Setup.isproj", "{8E3D9166-E279-4E59-9522-CE82BA4B0741}"
	ProjectSection(ProjectDependencies) = postProject
		{DCDC77EE-2A5E-4A66-A177-06CE15495BF0} = {DCDC77EE-2A5E-4A66-A177-06CE15495BF0}
	EndProjectSection
EndProject
Project("{2150E333-8FDC-42A3-9474-1A3956D46DE8}") = ".nuget", ".nuget", "{8B03DF06-96DE-467F-90C4-000A02B7CB6E}"
	ProjectSection(SolutionItems) = preProject
		.nuget\packages.config = .nuget\packages.config
	EndProjectSection
EndProject
Project("{F184B08F-C81C-45F6-A57F-5ABD9991F28F}") = "Project Report", "Project Report\Project Report.vbproj", "{36D1642D-2B6E-4F42-B654-9DC9B2EFECB7}"
EndProject
Project("{6141683F-8A12-4E36-9623-2EB02B2C2303}") = "Project Report-Setup", "Project Report-Setup\Project Report-Setup.isproj", "{A9BE2EC3-589B-49DC-8676-9619F575BE9C}"
	ProjectSection(ProjectDependencies) = postProject
		{36D1642D-2B6E-4F42-B654-9DC9B2EFECB7} = {36D1642D-2B6E-4F42-B654-9DC9B2EFECB7}
	EndProjectSection
EndProject
Project("{F184B08F-C81C-45F6-A57F-5ABD9991F28F}") = "Jobs Report", "Jobs Report\Jobs Report.vbproj", "{AC25129C-65A5-4661-B651-6DE6C3E380F2}"
EndProject
Project("{6141683F-8A12-4E36-9623-2EB02B2C2303}") = "Jobs Report-Setup", "Jobs Report-Setup\Jobs Report-Setup.isproj", "{EB108ED1-CFF9-4819-A03D-DDEAA0F88681}"
	ProjectSection(ProjectDependencies) = postProject
		{AC25129C-65A5-4661-B651-6DE6C3E380F2} = {AC25129C-65A5-4661-B651-6DE6C3E380F2}
	EndProjectSection
EndProject
Global
	GlobalSection(SolutionConfigurationPlatforms) = preSolution
		CD_ROM|x86 = CD_ROM|x86
		Debug|x86 = Debug|x86
		DVD-5|x86 = DVD-5|x86
		Release|x86 = Release|x86
		SingleImage|x86 = SingleImage|x86
	EndGlobalSection
	GlobalSection(ProjectConfigurationPlatforms) = postSolution
		{5539DF28-529E-4927-BB77-8740B9E016C4}.CD_ROM|x86.ActiveCfg = Release|x86
		{5539DF28-529E-4927-BB77-8740B9E016C4}.CD_ROM|x86.Build.0 = Release|x86
		{5539DF28-529E-4927-BB77-8740B9E016C4}.Debug|x86.ActiveCfg = Debug|x86
		{5539DF28-529E-4927-BB77-8740B9E016C4}.Debug|x86.Build.0 = Debug|x86
		{5539DF28-529E-4927-BB77-8740B9E016C4}.DVD-5|x86.ActiveCfg = Debug|x86
		{5539DF28-529E-4927-BB77-8740B9E016C4}.DVD-5|x86.Build.0 = Debug|x86
		{5539DF28-529E-4927-BB77-8740B9E016C4}.Release|x86.ActiveCfg = Release|x86
		{5539DF28-529E-4927-BB77-8740B9E016C4}.Release|x86.Build.0 = Release|x86
		{5539DF28-529E-4927-BB77-8740B9E016C4}.SingleImage|x86.ActiveCfg = Release|x86
		{5539DF28-529E-4927-BB77-8740B9E016C4}.SingleImage|x86.Build.0 = Release|x86
		{A0E870AB-5DCD-4153-9EC1-88ED118DA02F}.CD_ROM|x86.ActiveCfg = Release|x86
		{A0E870AB-5DCD-4153-9EC1-88ED118DA02F}.CD_ROM|x86.Build.0 = Release|x86
		{A0E870AB-5DCD-4153-9EC1-88ED118DA02F}.Debug|x86.ActiveCfg = Debug|x86
		{A0E870AB-5DCD-4153-9EC1-88ED118DA02F}.Debug|x86.Build.0 = Debug|x86
		{A0E870AB-5DCD-4153-9EC1-88ED118DA02F}.DVD-5|x86.ActiveCfg = Debug|x86
		{A0E870AB-5DCD-4153-9EC1-88ED118DA02F}.DVD-5|x86.Build.0 = Debug|x86
		{A0E870AB-5DCD-4153-9EC1-88ED118DA02F}.Release|x86.ActiveCfg = Release|x86
		{A0E870AB-5DCD-4153-9EC1-88ED118DA02F}.Release|x86.Build.0 = Release|x86
		{A0E870AB-5DCD-4153-9EC1-88ED118DA02F}.SingleImage|x86.ActiveCfg = Release|x86
		{A0E870AB-5DCD-4153-9EC1-88ED118DA02F}.SingleImage|x86.Build.0 = Release|x86
		{7618334F-FFFE-477C-B997-49C61443A975}.CD_ROM|x86.ActiveCfg = CD_ROM
		{7618334F-FFFE-477C-B997-49C61443A975}.CD_ROM|x86.Build.0 = CD_ROM
		{7618334F-FFFE-477C-B997-49C61443A975}.Debug|x86.ActiveCfg = SingleImage
		{7618334F-FFFE-477C-B997-49C61443A975}.DVD-5|x86.ActiveCfg = DVD-5
		{7618334F-FFFE-477C-B997-49C61443A975}.DVD-5|x86.Build.0 = DVD-5
		{7618334F-FFFE-477C-B997-49C61443A975}.Release|x86.ActiveCfg = SingleImage
		{7618334F-FFFE-477C-B997-49C61443A975}.Release|x86.Build.0 = SingleImage
		{7618334F-FFFE-477C-B997-49C61443A975}.SingleImage|x86.ActiveCfg = SingleImage
		{7618334F-FFFE-477C-B997-49C61443A975}.SingleImage|x86.Build.0 = SingleImage
		{2BC530CE-D2C0-4E81-B849-A9F07BCC22EE}.CD_ROM|x86.ActiveCfg = CD_ROM
		{2BC530CE-D2C0-4E81-B849-A9F07BCC22EE}.CD_ROM|x86.Build.0 = CD_ROM
		{2BC530CE-D2C0-4E81-B849-A9F07BCC22EE}.Debug|x86.ActiveCfg = SingleImage
		{2BC530CE-D2C0-4E81-B849-A9F07BCC22EE}.DVD-5|x86.ActiveCfg = DVD-5
		{2BC530CE-D2C0-4E81-B849-A9F07BCC22EE}.DVD-5|x86.Build.0 = DVD-5
		{2BC530CE-D2C0-4E81-B849-A9F07BCC22EE}.Release|x86.ActiveCfg = SingleImage
		{2BC530CE-D2C0-4E81-B849-A9F07BCC22EE}.Release|x86.Build.0 = SingleImage
		{2BC530CE-D2C0-4E81-B849-A9F07BCC22EE}.SingleImage|x86.ActiveCfg = SingleImage
		{2BC530CE-D2C0-4E81-B849-A9F07BCC22EE}.SingleImage|x86.Build.0 = SingleImage
		{DCDC77EE-2A5E-4A66-A177-06CE15495BF0}.CD_ROM|x86.ActiveCfg = Release|x86
		{DCDC77EE-2A5E-4A66-A177-06CE15495BF0}.CD_ROM|x86.Build.0 = Release|x86
		{DCDC77EE-2A5E-4A66-A177-06CE15495BF0}.Debug|x86.ActiveCfg = Debug|x86
		{DCDC77EE-2A5E-4A66-A177-06CE15495BF0}.Debug|x86.Build.0 = Debug|x86
		{DCDC77EE-2A5E-4A66-A177-06CE15495BF0}.DVD-5|x86.ActiveCfg = Debug|x86
		{DCDC77EE-2A5E-4A66-A177-06CE15495BF0}.DVD-5|x86.Build.0 = Debug|x86
		{DCDC77EE-2A5E-4A66-A177-06CE15495BF0}.Release|x86.ActiveCfg = Release|x86
		{DCDC77EE-2A5E-4A66-A177-06CE15495BF0}.Release|x86.Build.0 = Release|x86
		{DCDC77EE-2A5E-4A66-A177-06CE15495BF0}.SingleImage|x86.ActiveCfg = Release|x86
		{DCDC77EE-2A5E-4A66-A177-06CE15495BF0}.SingleImage|x86.Build.0 = Release|x86
		{29CCBEBD-C922-47E0-B8BA-092896C01199}.CD_ROM|x86.ActiveCfg = Release|x86
		{29CCBEBD-C922-47E0-B8BA-092896C01199}.CD_ROM|x86.Build.0 = Release|x86
		{29CCBEBD-C922-47E0-B8BA-092896C01199}.Debug|x86.ActiveCfg = Debug|x86
		{29CCBEBD-C922-47E0-B8BA-092896C01199}.Debug|x86.Build.0 = Debug|x86
		{29CCBEBD-C922-47E0-B8BA-092896C01199}.DVD-5|x86.ActiveCfg = Debug|x86
		{29CCBEBD-C922-47E0-B8BA-092896C01199}.DVD-5|x86.Build.0 = Debug|x86
		{29CCBEBD-C922-47E0-B8BA-092896C01199}.Release|x86.ActiveCfg = Release|x86
		{29CCBEBD-C922-47E0-B8BA-092896C01199}.Release|x86.Build.0 = Release|x86
		{29CCBEBD-C922-47E0-B8BA-092896C01199}.SingleImage|x86.ActiveCfg = Release|x86
		{29CCBEBD-C922-47E0-B8BA-092896C01199}.SingleImage|x86.Build.0 = Release|x86
		{8E3D9166-E279-4E59-9522-CE82BA4B0741}.CD_ROM|x86.ActiveCfg = CD_ROM
		{8E3D9166-E279-4E59-9522-CE82BA4B0741}.CD_ROM|x86.Build.0 = CD_ROM
		{8E3D9166-E279-4E59-9522-CE82BA4B0741}.Debug|x86.ActiveCfg = SingleImage
		{8E3D9166-E279-4E59-9522-CE82BA4B0741}.DVD-5|x86.ActiveCfg = DVD-5
		{8E3D9166-E279-4E59-9522-CE82BA4B0741}.DVD-5|x86.Build.0 = DVD-5
		{8E3D9166-E279-4E59-9522-CE82BA4B0741}.Release|x86.ActiveCfg = SingleImage
		{8E3D9166-E279-4E59-9522-CE82BA4B0741}.Release|x86.Build.0 = SingleImage
		{8E3D9166-E279-4E59-9522-CE82BA4B0741}.SingleImage|x86.ActiveCfg = SingleImage
		{8E3D9166-E279-4E59-9522-CE82BA4B0741}.SingleImage|x86.Build.0 = SingleImage
		{36D1642D-2B6E-4F42-B654-9DC9B2EFECB7}.CD_ROM|x86.ActiveCfg = Release|x86
		{36D1642D-2B6E-4F42-B654-9DC9B2EFECB7}.CD_ROM|x86.Build.0 = Release|x86
		{36D1642D-2B6E-4F42-B654-9DC9B2EFECB7}.Debug|x86.ActiveCfg = Debug|x86
		{36D1642D-2B6E-4F42-B654-9DC9B2EFECB7}.Debug|x86.Build.0 = Debug|x86
		{36D1642D-2B6E-4F42-B654-9DC9B2EFECB7}.DVD-5|x86.ActiveCfg = Debug|x86
		{36D1642D-2B6E-4F42-B654-9DC9B2EFECB7}.DVD-5|x86.Build.0 = Debug|x86
		{36D1642D-2B6E-4F42-B654-9DC9B2EFECB7}.Release|x86.ActiveCfg = Release|x86
		{36D1642D-2B6E-4F42-B654-9DC9B2EFECB7}.Release|x86.Build.0 = Release|x86
		{36D1642D-2B6E-4F42-B654-9DC9B2EFECB7}.SingleImage|x86.ActiveCfg = Release|x86
		{36D1642D-2B6E-4F42-B654-9DC9B2EFECB7}.SingleImage|x86.Build.0 = Release|x86
		{A9BE2EC3-589B-49DC-8676-9619F575BE9C}.CD_ROM|x86.ActiveCfg = CD_ROM
		{A9BE2EC3-589B-49DC-8676-9619F575BE9C}.CD_ROM|x86.Build.0 = CD_ROM
		{A9BE2EC3-589B-49DC-8676-9619F575BE9C}.Debug|x86.ActiveCfg = DVD-5
		{A9BE2EC3-589B-49DC-8676-9619F575BE9C}.Debug|x86.Build.0 = DVD-5
		{A9BE2EC3-589B-49DC-8676-9619F575BE9C}.DVD-5|x86.ActiveCfg = DVD-5
		{A9BE2EC3-589B-49DC-8676-9619F575BE9C}.DVD-5|x86.Build.0 = DVD-5
		{A9BE2EC3-589B-49DC-8676-9619F575BE9C}.Release|x86.ActiveCfg = SingleImage
		{A9BE2EC3-589B-49DC-8676-9619F575BE9C}.Release|x86.Build.0 = SingleImage
		{A9BE2EC3-589B-49DC-8676-9619F575BE9C}.SingleImage|x86.ActiveCfg = SingleImage
		{A9BE2EC3-589B-49DC-8676-9619F575BE9C}.SingleImage|x86.Build.0 = SingleImage
		{AC25129C-65A5-4661-B651-6DE6C3E380F2}.CD_ROM|x86.ActiveCfg = Release|x86
		{AC25129C-65A5-4661-B651-6DE6C3E380F2}.CD_ROM|x86.Build.0 = Release|x86
		{AC25129C-65A5-4661-B651-6DE6C3E380F2}.Debug|x86.ActiveCfg = Debug|x86
		{AC25129C-65A5-4661-B651-6DE6C3E380F2}.Debug|x86.Build.0 = Debug|x86
		{AC25129C-65A5-4661-B651-6DE6C3E380F2}.DVD-5|x86.ActiveCfg = Debug|x86
		{AC25129C-65A5-4661-B651-6DE6C3E380F2}.DVD-5|x86.Build.0 = Debug|x86
		{AC25129C-65A5-4661-B651-6DE6C3E380F2}.Release|x86.ActiveCfg = Release|x86
		{AC25129C-65A5-4661-B651-6DE6C3E380F2}.Release|x86.Build.0 = Release|x86
		{AC25129C-65A5-4661-B651-6DE6C3E380F2}.SingleImage|x86.ActiveCfg = Release|x86
		{AC25129C-65A5-4661-B651-6DE6C3E380F2}.SingleImage|x86.Build.0 = Release|x86
		{EB108ED1-CFF9-4819-A03D-DDEAA0F88681}.CD_ROM|x86.ActiveCfg = CD_ROM
		{EB108ED1-CFF9-4819-A03D-DDEAA0F88681}.CD_ROM|x86.Build.0 = CD_ROM
		{EB108ED1-CFF9-4819-A03D-DDEAA0F88681}.Debug|x86.ActiveCfg = DVD-5
		{EB108ED1-CFF9-4819-A03D-DDEAA0F88681}.Debug|x86.Build.0 = DVD-5
		{EB108ED1-CFF9-4819-A03D-DDEAA0F88681}.DVD-5|x86.ActiveCfg = DVD-5
		{EB108ED1-CFF9-4819-A03D-DDEAA0F88681}.DVD-5|x86.Build.0 = DVD-5
		{EB108ED1-CFF9-4819-A03D-DDEAA0F88681}.Release|x86.ActiveCfg = SingleImage
		{EB108ED1-CFF9-4819-A03D-DDEAA0F88681}.Release|x86.Build.0 = SingleImage
		{EB108ED1-CFF9-4819-A03D-DDEAA0F88681}.SingleImage|x86.ActiveCfg = SingleImage
		{EB108ED1-CFF9-4819-A03D-DDEAA0F88681}.SingleImage|x86.Build.0 = SingleImage
	EndGlobalSection
	GlobalSection(SolutionProperties) = preSolution
		HideSolutionNode = FALSE
	EndGlobalSection
EndGlobal
